
Microsoft Visual Studio Solution File, Format Version 12.00
# Visual Studio Version 17
VisualStudioVersion = 17.11.35312.102
MinimumVisualStudioVersion = 10.0.40219.1
Project("{FAE04EC0-301F-11D3-BF4B-00C04F79EFBC}") = "MinimalApiDemo", "MinimalApiDemo\MinimalApiDemo.csproj", "{43860E8C-11C9-4FCC-A7E0-1E25419B031F}"
EndProject
Project("{FAE04EC0-301F-11D3-BF4B-00C04F79EFBC}") = "MinimalApiDemo.UnitTests", "MinimalApiDemo.UnitTests\MinimalApiDemo.UnitTests.csproj", "{72700561-017B-4247-8C77-537FF139E107}"
EndProject
Global
	GlobalSection(SolutionConfigurationPlatforms) = preSolution
		Debug|Any CPU = Debug|Any CPU
		Release|Any CPU = Release|Any CPU
	EndGlobalSection
	GlobalSection(ProjectConfigurationPlatforms) = postSolution
		{43860E8C-11C9-4FCC-A7E0-1E25419B031F}.Debug|Any CPU.ActiveCfg = Debug|Any CPU
		{43860E8C-11C9-4FCC-A7E0-1E25419B031F}.Debug|Any CPU.Build.0 = Debug|Any CPU
		{43860E8C-11C9-4FCC-A7E0-1E25419B031F}.Release|Any CPU.ActiveCfg = Release|Any CPU
		{43860E8C-11C9-4FCC-A7E0-1E25419B031F}.Release|Any CPU.Build.0 = Release|Any CPU
		{72700561-017B-4247-8C77-537FF139E107}.Debug|Any CPU.ActiveCfg = Debug|Any CPU
		{72700561-017B-4247-8C77-537FF139E107}.Debug|Any CPU.Build.0 = Debug|Any CPU
		{72700561-017B-4247-8C77-537FF139E107}.Release|Any CPU.ActiveCfg = Release|Any CPU
		{72700561-017B-4247-8C77-537FF139E107}.Release|Any CPU.Build.0 = Release|Any CPU
	EndGlobalSection
	GlobalSection(SolutionProperties) = preSolution
		HideSolutionNode = FALSE
	EndGlobalSection
	GlobalSection(ExtensibilityGlobals) = postSolution
		SolutionGuid = {AA72FC55-098C-46C9-857D-E649DC383674}
	EndGlobalSection
EndGlobal
